github.com/goghcrow/lexer v0.0.0-20230123051117-1e6f3d24bbe1 h1:9mHp3UGdO36kUEaCtqWzstfHvF0Qsat51yL7eHVtd0Q=
github.com/goghcrow/lexer v0.0.0-20230123051117-1e6f3d24bbe1/go.mod h1:kDVf/pex11grN/mgN7VvfPxuAP+GWPBXispHMTNb8NA=
github.com/goghcrow/lexer v0.0.0-20230719191449-ce8cd41ce13f h1:2FqBJ5el6rgcvnc/yoA+4dPBplJk9icob7vEhryJBkQ=
github.com/goghcrow/lexer v0.0.0-20230719191449-ce8cd41ce13f/go.mod h1:Z08o41JM0uqA7wfMSbeWeKwM2CAICdWGeYHwV96sN3Y=
